// !$*UTF8*$!
{
	archiveVersion = 1;
	classes = {
	};
	objectVersion = 46;
	objects = {

/* Begin PBXBuildFile section */
		22DA8D251E58206300BEC560 /* main.m in Sources */ = {isa = PBXBuildFile; fileRef = 22DA8D241E58206300BEC560 /* main.m */; };
		22DA8D281E58206300BEC560 /* AppDelegate.m in Sources */ = {isa = PBXBuildFile; fileRef = 22DA8D271E58206300BEC560 /* AppDelegate.m */; };
		22DA8D2B1E58206300BEC560 /* ViewController.m in Sources */ = {isa = PBXBuildFile; fileRef = 22DA8D2A1E58206300BEC560 /* ViewController.m */; };
		22DA8D2E1E58206300BEC560 /* Main.storyboard in Resources */ = {isa = PBXBuildFile; fileRef = 22DA8D2C1E58206300BEC560 /* Main.storyboard */; };
		22DA8D301E58206300BEC560 /* Assets.xcassets in Resources */ = {isa = PBXBuildFile; fileRef = 22DA8D2F1E58206300BEC560 /* Assets.xcassets */; };
		22DA8D331E58206300BEC560 /* LaunchScreen.storyboard in Resources */ = {isa = PBXBuildFile; fileRef = 22DA8D311E58206300BEC560 /* LaunchScreen.storyboard */; };
		22DA8D3E1E58206300BEC560 /* TouchIDTests.m in Sources */ = {isa = PBXBuildFile; fileRef = 22DA8D3D1E58206300BEC560 /* TouchIDTests.m */; };
		22DA8D491E58206300BEC560 /* TouchIDUITests.m in Sources */ = {isa = PBXBuildFile; fileRef = 22DA8D481E58206300BEC560 /* TouchIDUITests.m */; };
/* End PBXBuildFile section */

/* Begin PBXContainerItemProxy section */
		22DA8D3A1E58206300BEC560 /* PBXContainerItemProxy */ = {
			isa = PBXContainerItemProxy;
			containerPortal = 22DA8D181E58206300BEC560 /* Project object */;
			proxyType = 1;
			remoteGlobalIDString = 22DA8D1F1E58206300BEC560;
			remoteInfo = TouchID;
		};
		22DA8D451E58206300BEC560 /* PBXContainerItemProxy */ = {
			isa = PBXContainerItemProxy;
			containerPortal = 22DA8D181E58206300BEC560 /* Project object */;
			proxyType = 1;
			remoteGlobalIDString = 22DA8D1F1E58206300BEC560;
			remoteInfo = TouchID;
		};
/* End PBXContainerItemProxy section */

/* Begin PBXFileReference section */
		22DA8D201E58206300BEC560 /* TouchID.app */ = {isa = PBXFileReference; explicitFileType = wrapper.application; includeInIndex = 0; path = TouchID.app; sourceTree = BUILT_PRODUCTS_DIR; };
		22DA8D241E58206300BEC560 /* main.m */ = {isa = PBXFileReference; lastKnownFileType = sourcecode.c.objc; path = main.m; sourceTree = "<group>"; };
		22DA8D261E58206300BEC560 /* AppDelegate.h */ = {isa = PBXFileReference; lastKnownFileType = sourcecode.c.h; path = AppDelegate.h; sourceTree = "<group>"; };
		22DA8D271E58206300BEC560 /* AppDelegate.m */ = {isa = PBXFileReference; lastKnownFileType = sourcecode.c.objc; path = AppDelegate.m; sourceTree = "<group>"; };
		22DA8D291E58206300BEC560 /* ViewController.h */ = {isa = PBXFileReference; lastKnownFileType = sourcecode.c.h; path = ViewController.h; sourceTree = "<group>"; };
		22DA8D2A1E58206300BEC560 /* ViewController.m */ = {isa = PBXFileReference; lastKnownFileType = sourcecode.c.objc; path = ViewController.m; sourceTree = "<group>"; };
		22DA8D2D1E58206300BEC560 /* Base */ = {isa = PBXFileReference; lastKnownFileType = file.storyboard; name = Base; path = Base.lproj/Main.storyboard; sourceTree = "<group>"; };
		22DA8D2F1E58206300BEC560 /* Assets.xcassets */ = {isa = PBXFileReference; lastKnownFileType = folder.assetcatalog; path = Assets.xcassets; sourceTree = "<group>"; };
		22DA8D321E58206300BEC560 /* Base */ = {isa = PBXFileReference; lastKnownFileType = file.storyboard; name = Base; path = Base.lproj/LaunchScreen.storyboard; sourceTree = "<group>"; };
		22DA8D341E58206300BEC560 /* Info.plist */ = {isa = PBXFileReference; lastKnownFileType = text.plist.xml; path = Info.plist; sourceTree = "<group>"; };
		22DA8D391E58206300BEC560 /* TouchIDTests.xctest */ = {isa = PBXFileReference; explicitFileType = wrapper.cfbundle; includeInIndex = 0; path = TouchIDTests.xctest; sourceTree = BUILT_PRODUCTS_DIR; };
		22DA8D3D1E58206300BEC560 /* TouchIDTests.m */ = {isa = PBXFileReference; lastKnownFileType = sourcecode.c.objc; path = TouchIDTests.m; sourceTree = "<group>"; };
		22DA8D3F1E58206300BEC560 /* Info.plist */ = {isa = PBXFileReference; lastKnownFileType = text.plist.xml; path = Info.plist; sourceTree = "<group>"; };
		22DA8D441E58206300BEC560 /* TouchIDUITests.xctest */ = {isa = PBXFileReference; explicitFileType = wrapper.cfbundle; includeInIndex = 0; path = TouchIDUITests.xctest; sourceTree = BUILT_PRODUCTS_DIR; };
		22DA8D481E58206300BEC560 /* TouchIDUITests.m */ = {isa = PBXFileReference; lastKnownFileType = sourcecode.c.objc; path = TouchIDUITests.m; sourceTree = "<group>"; };
		22DA8D4A1E58206300BEC560 /* Info.plist */ = {isa = PBXFileReference; lastKnownFileType = text.plist.xml; path = Info.plist; sourceTree = "<group>"; };
/* End PBXFileReference section */

/* Begin PBXFrameworksBuildPhase section */
		22DA8D1D1E58206300BEC560 /* Frameworks */ = {
			isa = PBXFrameworksBuildPhase;
			buildActionMask = 2147483647;
			files = (
			);
			runOnlyForDeploymentPostprocessing = 0;
		};
		22DA8D361E58206300BEC560 /* Frameworks */ = {
			isa = PBXFrameworksBuildPhase;
			buildActionMask = 2147483647;
			files = (
			);
			runOnlyForDeploymentPostprocessing = 0;
		};
		22DA8D411E58206300BEC560 /* Frameworks */ = {
			isa = PBXFrameworksBuildPhase;
			buildActionMask = 2147483647;
			files = (
			);
			runOnlyForDeploymentPostprocessing = 0;
		};
/* End PBXFrameworksBuildPhase section */

/* Begin PBXGroup section */
		22DA8D171E58206300BEC560 = {
			isa = PBXGroup;
			children = (
				22DA8D221E58206300BEC560 /* TouchID */,
				22DA8D3C1E58206300BEC560 /* TouchIDTests */,
				22DA8D471E58206300BEC560 /* TouchIDUITests */,
				22DA8D211E58206300BEC560 /* Products */,
			);
			sourceTree = "<group>";
		};
		22DA8D211E58206300BEC560 /* Products */ = {
			isa = PBXGroup;
			children = (
				22DA8D201E58206300BEC560 /* TouchID.app */,
				22DA8D391E58206300BEC560 /* TouchIDTests.xctest */,
				22DA8D441E58206300BEC560 /* TouchIDUITests.xctest */,
			);
			name = Products;
			sourceTree = "<group>";
		};
		22DA8D221E58206300BEC560 /* TouchID */ = {
			isa = PBXGroup;
			children = (
				22DA8D261E58206300BEC560 /* AppDelegate.h */,
				22DA8D271E58206300BEC560 /* AppDelegate.m */,
				22DA8D291E58206300BEC560 /* ViewController.h */,
				22DA8D2A1E58206300BEC560 /* ViewController.m */,
				22DA8D2C1E58206300BEC560 /* Main.storyboard */,
				22DA8D2F1E58206300BEC560 /* Assets.xcassets */,
				22DA8D311E58206300BEC560 /* LaunchScreen.storyboard */,
				22DA8D341E58206300BEC560 /* Info.plist */,
				22DA8D231E58206300BEC560 /* Supporting Files */,
			);
			path = TouchID;
			sourceTree = "<group>";
		};
		22DA8D231E58206300BEC560 /* Supporting Files */ = {
			isa = PBXGroup;
			children = (
				22DA8D241E58206300BEC560 /* main.m */,
			);
			name = "Supporting Files";
			sourceTree = "<group>";
		};
		22DA8D3C1E58206300BEC560 /* TouchIDTests */ = {
			isa = PBXGroup;
			children = (
				22DA8D3D1E58206300BEC560 /* TouchIDTests.m */,
				22DA8D3F1E58206300BEC560 /* Info.plist */,
			);
			path = TouchIDTests;
			sourceTree = "<group>";
		};
		22DA8D471E58206300BEC560 /* TouchIDUITests */ = {
			isa = PBXGroup;
			children = (
				22DA8D481E58206300BEC560 /* TouchIDUITests.m */,
				22DA8D4A1E58206300BEC560 /* Info.plist */,
			);
			path = TouchIDUITests;
			sourceTree = "<group>";
		};
/* End PBXGroup section */

/* Begin PBXNativeTarget section */
		22DA8D1F1E58206300BEC560 /* TouchID */ = {
			isa = PBXNativeTarget;
			buildConfigurationList = 22DA8D4D1E58206300BEC560 /* Build configuration list for PBXNativeTarget "TouchID" */;
			buildPhases = (
				22DA8D1C1E58206300BEC560 /* Sources */,
				22DA8D1D1E58206300BEC560 /* Frameworks */,
				22DA8D1E1E58206300BEC560 /* Resources */,
			);
			buildRules = (
			);
			dependencies = (
			);
			name = TouchID;
			productName = TouchID;
			productReference = 22DA8D201E58206300BEC560 /* TouchID.app */;
			productType = "com.apple.product-type.application";
		};
		22DA8D381E58206300BEC560 /* TouchIDTests */ = {
			isa = PBXNativeTarget;
			buildConfigurationList = 22DA8D501E58206300BEC560 /* Build configuration list for PBXNativeTarget "TouchIDTests" */;
			buildPhases = (
				22DA8D351E58206300BEC560 /* Sources */,
				22DA8D361E58206300BEC560 /* Frameworks */,
				22DA8D371E58206300BEC560 /* Resources */,
			);
			buildRules = (
			);
			dependencies = (
				22DA8D3B1E58206300BEC560 /* PBXTargetDependency */,
			);
			name = TouchIDTests;
			productName = TouchIDTests;
			productReference = 22DA8D391E58206300BEC560 /* TouchIDTests.xctest */;
			productType = "com.apple.product-type.bundle.unit-test";
		};
		22DA8D431E58206300BEC560 /* TouchIDUITests */ = {
			isa = PBXNativeTarget;
			buildConfigurationList = 22DA8D531E58206300BEC560 /* Build configuration list for PBXNativeTarget "TouchIDUITests" */;
			buildPhases = (
				22DA8D401E58206300BEC560 /* Sources */,
				22DA8D411E58206300BEC560 /* Frameworks */,
				22DA8D421E58206300BEC560 /* Resources */,
			);
			buildRules = (
			);
			dependencies = (
				22DA8D461E58206300BEC560 /* PBXTargetDependency */,
			);
			name = TouchIDUITests;
			productName = TouchIDUITests;
			productReference = 22DA8D441E58206300BEC560 /* TouchIDUITests.xctest */;
			productType = "com.apple.product-type.bundle.ui-testing";
		};
/* End PBXNativeTarget section */

/* Begin PBXProject section */
		22DA8D181E58206300BEC560 /* Project object */ = {
			isa = PBXProject;
			attributes = {
				LastUpgradeCheck = 0820;
				ORGANIZATIONNAME = Kaka;
				TargetAttributes = {
					22DA8D1F1E58206300BEC560 = {
						CreatedOnToolsVersion = 8.2.1;
						DevelopmentTeam = 4XGNFW3D8N;
						ProvisioningStyle = Automatic;
					};
					22DA8D381E58206300BEC560 = {
						CreatedOnToolsVersion = 8.2.1;
						DevelopmentTeam = 4XGNFW3D8N;
						ProvisioningStyle = Automatic;
						TestTargetID = 22DA8D1F1E58206300BEC560;
					};
					22DA8D431E58206300BEC560 = {
						CreatedOnToolsVersion = 8.2.1;
						DevelopmentTeam = 4XGNFW3D8N;
						ProvisioningStyle = Automatic;
						TestTargetID = 22DA8D1F1E58206300BEC560;
					};
				};
			};
			buildConfigurationList = 22DA8D1B1E58206300BEC560 /* Build configuration list for PBXProject "TouchID" */;
			compatibilityVersion = "Xcode 3.2";
			developmentRegion = English;
			hasScannedForEncodings = 0;
			knownRegions = (
				en,
				Base,
			);
			mainGroup = 22DA8D171E58206300BEC560;
			productRefGroup = 22DA8D211E58206300BEC560 /* Products */;
			projectDirPath = "";
			projectRoot = "";
			targets = (
				22DA8D1F1E58206300BEC560 /* TouchID */,
				22DA8D381E58206300BEC560 /* TouchIDTests */,
				22DA8D431E58206300BEC560 /* TouchIDUITests */,
			);
		};
/* End PBXProject section */

/* Begin PBXResourcesBuildPhase section */
		22DA8D1E1E58206300BEC560 /* Resources */ = {
			isa = PBXResourcesBuildPhase;
			buildActionMask = 2147483647;
			files = (
				22DA8D331E58206300BEC560 /* LaunchScreen.storyboard in Resources */,
				22DA8D301E58206300BEC560 /* Assets.xcassets in Resources */,
				22DA8D2E1E58206300BEC560 /* Main.storyboard in Resources */,
			);
			runOnlyForDeploymentPostprocessing = 0;
		};
		22DA8D371E58206300BEC560 /* Resources */ = {
			isa = PBXResourcesBuildPhase;
			buildActionMask = 2147483647;
			files = (
			);
			runOnlyForDeploymentPostprocessing = 0;
		};
		22DA8D421E58206300BEC560 /* Resources */ = {
			isa = PBXResourcesBuildPhase;
			buildActionMask = 2147483647;
			files = (
			);
			runOnlyForDeploymentPostprocessing = 0;
		};
/* End PBXResourcesBuildPhase section */

/* Begin PBXSourcesBuildPhase section */
		22DA8D1C1E58206300BEC560 /* Sources */ = {
			isa = PBXSourcesBuildPhase;
			buildActionMask = 2147483647;
			files = (
				22DA8D2B1E58206300BEC560 /* ViewController.m in Sources */,
				22DA8D281E58206300BEC560 /* AppDelegate.m in Sources */,
				22DA8D251E58206300BEC560 /* main.m in Sources */,
			);
			runOnlyForDeploymentPostprocessing = 0;
		};
		22DA8D351E58206300BEC560 /* Sources */ = {
			isa = PBXSourcesBuildPhase;
			buildActionMask = 2147483647;
			files = (
				22DA8D3E1E58206300BEC560 /* TouchIDTests.m in Sources */,
			);
			runOnlyForDeploymentPostprocessing = 0;
		};
		22DA8D401E58206300BEC560 /* Sources */ = {
			isa = PBXSourcesBuildPhase;
			buildActionMask = 2147483647;
			files = (
				22DA8D491E58206300BEC560 /* TouchIDUITests.m in Sources */,
			);
			runOnlyForDeploymentPostprocessing = 0;
		};
/* End PBXSourcesBuildPhase section */

/* Begin PBXTargetDependency section */
		22DA8D3B1E58206300BEC560 /* PBXTargetDependency */ = {
			isa = PBXTargetDependency;
			target = 22DA8D1F1E58206300BEC560 /* TouchID */;
			targetProxy = 22DA8D3A1E58206300BEC560 /* PBXContainerItemProxy */;
		};
		22DA8D461E58206300BEC560 /* PBXTargetDependency */ = {
			isa = PBXTargetDependency;
			target = 22DA8D1F1E58206300BEC560 /* TouchID */;
			targetProxy = 22DA8D451E58206300BEC560 /* PBXContainerItemProxy */;
		};
/* End PBXTargetDependency section */

/* Begin PBXVariantGroup section */
		22DA8D2C1E58206300BEC560 /* Main.storyboard */ = {
			isa = PBXVariantGroup;
			children = (
				22DA8D2D1E58206300BEC560 /* Base */,
			);
			name = Main.storyboard;
			sourceTree = "<group>";
		};
		22DA8D311E58206300BEC560 /* LaunchScreen.storyboard */ = {
			isa = PBXVariantGroup;
			children = (
				22DA8D321E58206300BEC560 /* Base */,
			);
			name = LaunchScreen.storyboard;
			sourceTree = "<group>";
		};
/* End PBXVariantGroup section */

/* Begin XCBuildConfiguration section */
		22DA8D4B1E58206300BEC560 /* Debug */ = {
			isa = XCBuildConfiguration;
			buildSettings = {
				ALWAYS_SEARCH_USER_PATHS = NO;
				CLANG_ANALYZER_NONNULL = YES;
				CLANG_CXX_LANGUAGE_STANDARD = "gnu++0x";
				CLANG_CXX_LIBRARY = "libc++";
				CLANG_ENABLE_MODULES = YES;
				CLANG_ENABLE_OBJC_ARC = YES;
				CLANG_WARN_BOOL_CONVERSION = YES;
				CLANG_WARN_CONSTANT_CONVERSION = YES;
				CLANG_WARN_DIRECT_OBJC_ISA_USAGE = YES_ERROR;
				CLANG_WARN_DOCUMENTATION_COMMENTS = YES;
				CLANG_WARN_EMPTY_BODY = YES;
				CLANG_WARN_ENUM_CONVERSION = YES;
				CLANG_WARN_INFINITE_RECURSION = YES;
				CLANG_WARN_INT_CONVERSION = YES;
				CLANG_WARN_OBJC_ROOT_CLASS = YES_ERROR;
				CLANG_WARN_SUSPICIOUS_MOVE = YES;
				CLANG_WARN_UNREACHABLE_CODE = YES;
				CLANG_WARN__DUPLICATE_METHOD_MATCH = YES;
				"CODE_SIGN_IDENTITY[sdk=iphoneos*]" = "iPhone Developer";
				COPY_PHASE_STRIP = NO;
				DEBUG_INFORMATION_FORMAT = dwarf;
				ENABLE_STRICT_OBJC_MSGSEND = YES;
				ENABLE_TESTABILITY = YES;
				GCC_C_LANGUAGE_STANDARD = gnu99;
				GCC_DYNAMIC_NO_PIC = NO;
				GCC_NO_COMMON_BLOCKS = YES;
				GCC_OPTIMIZATION_LEVEL = 0;
				GCC_PREPROCESSOR_DEFINITIONS = (
					"DEBUG=1",
					"$(inherited)",
				);
				GCC_WARN_64_TO_32_BIT_CONVERSION = YES;
				GCC_WARN_ABOUT_RETURN_TYPE = YES_ERROR;
				GCC_WARN_UNDECLARED_SELECTOR = YES;
				GCC_WARN_UNINITIALIZED_AUTOS = YES_AGGRESSIVE;
				GCC_WARN_UNUSED_FUNCTION = YES;
				GCC_WARN_UNUSED_VARIABLE = YES;
				IPHONEOS_DEPLOYMENT_TARGET = 8.0;
				MTL_ENABLE_DEBUG_INFO = YES;
				ONLY_ACTIVE_ARCH = YES;
				SDKROOT = iphoneos;
			};
			name = Debug;
		};
		22DA8D4C1E58206300BEC560 /* Release */ = {
			isa = XCBuildConfiguration;
			buildSettings = {
				ALWAYS_SEARCH_USER_PATHS = NO;
				CLANG_ANALYZER_NONNULL = YES;
				CLANG_CXX_LANGUAGE_STANDARD = "gnu++0x";
				CLANG_CXX_LIBRARY = "libc++";
				CLANG_ENABLE_MODULES = YES;
				CLANG_ENABLE_OBJC_ARC = YES;
				CLANG_WARN_BOOL_CONVERSION = YES;
				CLANG_WARN_CONSTANT_CONVERSION = YES;
				CLANG_WARN_DIRECT_OBJC_ISA_USAGE = YES_ERROR;
				CLANG_WARN_DOCUMENTATION_COMMENTS = YES;
				CLANG_WARN_EMPTY_BODY = YES;
				CLANG_WARN_ENUM_CONVERSION = YES;
				CLANG_WARN_INFINITE_RECURSION = YES;
				CLANG_WARN_INT_CONVERSION = YES;
				CLANG_WARN_OBJC_ROOT_CLASS = YES_ERROR;
				CLANG_WARN_SUSPICIOUS_MOVE = YES;
				CLANG_WARN_UNREACHABLE_CODE = YES;
				CLANG_WARN__DUPLICATE_METHOD_MATCH = YES;
				"CODE_SIGN_IDENTITY[sdk=iphoneos*]" = "iPhone Developer";
				COPY_PHASE_STRIP = NO;
				DEBUG_INFORMATION_FORMAT = "dwarf-with-dsym";
				ENABLE_NS_ASSERTIONS = NO;
				ENABLE_STRICT_OBJC_MSGSEND = YES;
				GCC_C_LANGUAGE_STANDARD = gnu99;
				GCC_NO_COMMON_BLOCKS = YES;
				GCC_WARN_64_TO_32_BIT_CONVERSION = YES;
				GCC_WARN_ABOUT_RETURN_TYPE = YES_ERROR;
				GCC_WARN_UNDECLARED_SELECTOR = YES;
				GCC_WARN_UNINITIALIZED_AUTOS = YES_AGGRESSIVE;
				GCC_WARN_UNUSED_FUNCTION = YES;
				GCC_WARN_UNUSED_VARIABLE = YES;
				IPHONEOS_DEPLOYMENT_TARGET = 8.0;
				MTL_ENABLE_DEBUG_INFO = NO;
				SDKROOT = iphoneos;
				VALIDATE_PRODUCT = YES;
			};
			name = Release;
		};
		22DA8D4E1E58206300BEC560 /* Debug */ = {
			isa = XCBuildConfiguration;
			buildSettings = {
				ASSETCATALOG_COMPILER_APPICON_NAME = AppIcon;
				DEVELOPMENT_TEAM = 4XGNFW3D8N;
				INFOPLIST_FILE = TouchID/Info.plist;
				IPHONEOS_DEPLOYMENT_TARGET = 8.0;
				LD_RUNPATH_SEARCH_PATHS = "$(inherited) @executable_path/Frameworks";
				PRODUCT_BUNDLE_IDENTIFIER = "com-jialianjia";
				PRODUCT_NAME = "$(TARGET_NAME)";
			};
			name = Debug;
		};
		22DA8D4F1E58206300BEC560 /* Release */ = {
			isa = XCBuildConfiguration;
			buildSettings = {
				ASSETCATALOG_COMPILER_APPICON_NAME = AppIcon;
				DEVELOPMENT_TEAM = 4XGNFW3D8N;
				INFOPLIST_FILE = TouchID/Info.plist;
				IPHONEOS_DEPLOYMENT_TARGET = 8.0;
				LD_RUNPATH_SEARCH_PATHS = "$(inherited) @executable_path/Frameworks";
				PRODUCT_BUNDLE_IDENTIFIER = "com-jialianjia";
				PRODUCT_NAME = "$(TARGET_NAME)";
			};
			name = Release;
		};
		22DA8D511E58206300BEC560 /* Debug */ = {
			isa = XCBuildConfiguration;
			buildSettings = {
				BUNDLE_LOADER = "$(TEST_HOST)";
				DEVELOPMENT_TEAM = 4XGNFW3D8N;
				INFOPLIST_FILE = TouchIDTests/Info.plist;
				LD_RUNPATH_SEARCH_PATHS = "$(inherited) @executable_path/Frameworks @loader_path/Frameworks";
				PRODUCT_BUNDLE_IDENTIFIER = "com-jialianjia.TouchIDTests";
				PRODUCT_NAME = "$(TARGET_NAME)";
				TEST_HOST = "$(BUILT_PRODUCTS_DIR)/TouchID.app/TouchID";
			};
			name = Debug;
		};
		22DA8D521E58206300BEC560 /* Release */ = {
			isa = XCBuildConfiguration;
			buildSettings = {
				BUNDLE_LOADER = "$(TEST_HOST)";
				DEVELOPMENT_TEAM = 4XGNFW3D8N;
				INFOPLIST_FILE = TouchIDTests/Info.plist;
				LD_RUNPATH_SEARCH_PATHS = "$(inherited) @executable_path/Frameworks @loader_path/Frameworks";
				PRODUCT_BUNDLE_IDENTIFIER = "com-jialianjia.TouchIDTests";
				PRODUCT_NAME = "$(TARGET_NAME)";
				TEST_HOST = "$(BUILT_PRODUCTS_DIR)/TouchID.app/TouchID";
			};
			name = Release;
		};
		22DA8D541E58206300BEC560 /* Debug */ = {
			isa = XCBuildConfiguration;
			buildSettings = {
				DEVELOPMENT_TEAM = 4XGNFW3D8N;
				INFOPLIST_FILE = TouchIDUITests/Info.plist;
				LD_RUNPATH_SEARCH_PATHS = "$(inherited) @executable_path/Frameworks @loader_path/Frameworks";
				PRODUCT_BUNDLE_IDENTIFIER = "com-jialianjia.TouchIDUITests";
				PRODUCT_NAME = "$(TARGET_NAME)";
				TEST_TARGET_NAME = TouchID;
			};
			name = Debug;
		};
		22DA8D551E58206300BEC560 /* Release */ = {
			isa = XCBuildConfiguration;
			buildSettings = {
				DEVELOPMENT_TEAM = 4XGNFW3D8N;
				INFOPLIST_FILE = TouchIDUITests/Info.plist;
				LD_RUNPATH_SEARCH_PATHS = "$(inherited) @executable_path/Frameworks @loader_path/Frameworks";
				PRODUCT_BUNDLE_IDENTIFIER = "com-jialianjia.TouchIDUITests";
				PRODUCT_NAME = "$(TARGET_NAME)";
				TEST_TARGET_NAME = TouchID;
			};
			name = Release;
		};
/* End XCBuildConfiguration section */

/* Begin XCConfigurationList section */
		22DA8D1B1E58206300BEC560 /* Build configuration list for PBXProject "TouchID" */ = {
			isa = XCConfigurationList;
			buildConfigurations = (
				22DA8D4B1E58206300BEC560 /* Debug */,
				22DA8D4C1E58206300BEC560 /* Release */,
			);
			defaultConfigurationIsVisible = 0;
			defaultConfigurationName = Release;
		};
		22DA8D4D1E58206300BEC560 /* Build configuration list for PBXNativeTarget "TouchID" */ = {
			isa = XCConfigurationList;
			buildConfigurations = (
				22DA8D4E1E58206300BEC560 /* Debug */,
				22DA8D4F1E58206300BEC560 /* Release */,
			);
			defaultConfigurationIsVisible = 0;
		};
		22DA8D501E58206300BEC560 /* Build configuration list for PBXNativeTarget "TouchIDTests" */ = {
			isa = XCConfigurationList;
			buildConfigurations = (
				22DA8D511E58206300BEC560 /* Debug */,
				22DA8D521E58206300BEC560 /* Release */,
			);
			defaultConfigurationIsVisible = 0;
		};
		22DA8D531E58206300BEC560 /* Build configuration list for PBXNativeTarget "TouchIDUITests" */ = {
			isa = XCConfigurationList;
			buildConfigurations = (
				22DA8D541E58206300BEC560 /* Debug */,
				22DA8D551E58206300BEC560 /* Release */,
			);
			defaultConfigurationIsVisible = 0;
		};
/* End XCConfigurationList section */
	};
	rootObject = 22DA8D181E58206300BEC560 /* Project object */;
}
